
Microsoft Visual Studio Solution File, Format Version 12.00
# Visual Studio Version 17
VisualStudioVersion = 17.5.002.0
MinimumVisualStudioVersion = 10.0.40219.1
Project("{9A19103F-16F7-4668-BE54-9A1E7A4F7556}") = "LH PETS", "LH PETS.csproj", "{A003AADE-B7BC-4AC1-A8E7-EF5AD7C510AA}"
EndProject
Global
	GlobalSection(SolutionConfigurationPlatforms) = preSolution
		Debug|Any CPU = Debug|Any CPU
		Release|Any CPU = Release|Any CPU
	EndGlobalSection
	GlobalSection(ProjectConfigurationPlatforms) = postSolution
		{A003AADE-B7BC-4AC1-A8E7-EF5AD7C510AA}.Debug|Any CPU.ActiveCfg = Debug|Any CPU
		{A003AADE-B7BC-4AC1-A8E7-EF5AD7C510AA}.Debug|Any CPU.Build.0 = Debug|Any CPU
		{A003AADE-B7BC-4AC1-A8E7-EF5AD7C510AA}.Release|Any CPU.ActiveCfg = Release|Any CPU
		{A003AADE-B7BC-4AC1-A8E7-EF5AD7C510AA}.Release|Any CPU.Build.0 = Release|Any CPU
	EndGlobalSection
	GlobalSection(SolutionProperties) = preSolution
		HideSolutionNode = FALSE
	EndGlobalSection
	GlobalSection(ExtensibilityGlobals) = postSolution
		SolutionGuid = {1871F34A-3688-4D07-886F-5AB7DF9CFD66}
	EndGlobalSection
EndGlobal
